
Microsoft Visual Studio Solution File, Format Version 12.00
# Visual Studio Version 17
VisualStudioVersion = 17.8.34330.188
MinimumVisualStudioVersion = 10.0.40219.1
Project("{FAE04EC0-301F-11D3-BF4B-00C04F79EFBC}") = "Hungpv_PH51204", "Hungpv_PH51204\Hungpv_PH51204.csproj", "{C79EF6F9-9C78-4CA1-A501-8B003A104966}"
EndProject
Global
	GlobalSection(SolutionConfigurationPlatforms) = preSolution
		Debug|Any CPU = Debug|Any CPU
		Release|Any CPU = Release|Any CPU
	EndGlobalSection
	GlobalSection(ProjectConfigurationPlatforms) = postSolution
		{C79EF6F9-9C78-4CA1-A501-8B003A104966}.Debug|Any CPU.ActiveCfg = Debug|Any CPU
		{C79EF6F9-9C78-4CA1-A501-8B003A104966}.Debug|Any CPU.Build.0 = Debug|Any CPU
		{C79EF6F9-9C78-4CA1-A501-8B003A104966}.Release|Any CPU.ActiveCfg = Release|Any CPU
		{C79EF6F9-9C78-4CA1-A501-8B003A104966}.Release|Any CPU.Build.0 = Release|Any CPU
	EndGlobalSection
	GlobalSection(SolutionProperties) = preSolution
		HideSolutionNode = FALSE
	EndGlobalSection
	GlobalSection(ExtensibilityGlobals) = postSolution
		SolutionGuid = {5E8969A1-A721-4D70-A427-9DE3FB984B6B}
	EndGlobalSection
EndGlobal
